
Microsoft Visual Studio Solution File, Format Version 12.00
Project("{2150E333-8FDC-42A3-9474-1A3956D46DE8}") = "Converters", "Converters", "{9A663622-1307-454F-B8E9-279C9AC2B22F}"
EndProject
Project("{2150E333-8FDC-42A3-9474-1A3956D46DE8}") = "RhinoGh", "RhinoGh", "{9BD76132-6ABB-4146-96C8-7A41C7C839FC}"
EndProject
Project("{FAE04EC0-301F-11D3-BF4B-00C04F79EFBC}") = "ViewObjectsConverterRhino7", "Converters\RhinoGh\ViewObjectsConverterRhino7\ViewObjectsConverterRhino7.csproj", "{738C7CF4-384C-43C9-9B25-4068B40E2212}"
	ProjectSection(ProjectDependencies) = postProject
		{37CA1EDD-7E7F-442B-A881-2CF421C2F95C} = {37CA1EDD-7E7F-442B-A881-2CF421C2F95C}
	EndProjectSection
EndProject
Project("{FAE04EC0-301F-11D3-BF4B-00C04F79EFBC}") = "ViewObjectsConverterRhino6", "Converters\RhinoGh\ViewObjectsConverterRhino6\ViewObjectsConverterRhino6.csproj", "{E8644224-A1C5-4391-8436-8B690326459D}"
	ProjectSection(ProjectDependencies) = postProject
		{37CA1EDD-7E7F-442B-A881-2CF421C2F95C} = {37CA1EDD-7E7F-442B-A881-2CF421C2F95C}
	EndProjectSection
EndProject
Project("{FAE04EC0-301F-11D3-BF4B-00C04F79EFBC}") = "ViewObjectsConverterGrasshopper7", "Converters\RhinoGh\ViewObjectsConverterGrasshopper7\ViewObjectsConverterGrasshopper7.csproj", "{135CF685-F570-4216-9B80-9164BD70078E}"
EndProject
Project("{FAE04EC0-301F-11D3-BF4B-00C04F79EFBC}") = "ViewObjectsConverterGrasshopper6", "Converters\RhinoGh\ViewObjectsConverterGrasshopper6\ViewObjectsConverterGrasshopper6.csproj", "{C870D0C2-25F8-47C7-9B43-8E6940D4ED2D}"
EndProject
Project("{2150E333-8FDC-42A3-9474-1A3956D46DE8}") = "Objects", "Objects", "{FF9B118D-F33C-4A8C-ADAE-D6498C8F5799}"
EndProject
Project("{FAE04EC0-301F-11D3-BF4B-00C04F79EFBC}") = "ViewObjects", "Objects\ViewObjects\ViewObjects.csproj", "{FB48C210-4046-49C8-BD84-2724EF7BC86A}"
EndProject
Project("{FAE04EC0-301F-11D3-BF4B-00C04F79EFBC}") = "ViewObejctsConverter", "Converters\ViewObejctsConverter\ViewObejctsConverter.csproj", "{36A1D23A-E51A-49B5-A9B8-E967A4E3ED0E}"
EndProject
Project("{FAE04EC0-301F-11D3-BF4B-00C04F79EFBC}") = "ViewObjectsSpeckle", "Objects\ViewObjectsSpeckle\ViewObjectsSpeckle.csproj", "{C1672FB7-1443-4DEE-9CEE-3819B6F6CB4B}"
EndProject
Project("{D954291E-2A0B-460D-934E-DC6B0785DB48}") = "ViewObjectsConverterRhinoGhShared", "Converters\RhinoGh\ViewObjectsConverterRhinoGhShared\ViewObjectsConverterRhinoGhShared.shproj", "{0877AF06-33E1-4AD1-BD7D-084474179EED}"
EndProject
Global
	GlobalSection(SolutionConfigurationPlatforms) = preSolution
		Debug|Any CPU = Debug|Any CPU
		Release|Any CPU = Release|Any CPU
	EndGlobalSection
	GlobalSection(NestedProjects) = preSolution
		{9BD76132-6ABB-4146-96C8-7A41C7C839FC} = {9A663622-1307-454F-B8E9-279C9AC2B22F}
		{738C7CF4-384C-43C9-9B25-4068B40E2212} = {9BD76132-6ABB-4146-96C8-7A41C7C839FC}
		{E8644224-A1C5-4391-8436-8B690326459D} = {9BD76132-6ABB-4146-96C8-7A41C7C839FC}
		{135CF685-F570-4216-9B80-9164BD70078E} = {9BD76132-6ABB-4146-96C8-7A41C7C839FC}
		{C870D0C2-25F8-47C7-9B43-8E6940D4ED2D} = {9BD76132-6ABB-4146-96C8-7A41C7C839FC}
		{FB48C210-4046-49C8-BD84-2724EF7BC86A} = {FF9B118D-F33C-4A8C-ADAE-D6498C8F5799}
		{C1672FB7-1443-4DEE-9CEE-3819B6F6CB4B} = {FF9B118D-F33C-4A8C-ADAE-D6498C8F5799}
		{0877AF06-33E1-4AD1-BD7D-084474179EED} = {9BD76132-6ABB-4146-96C8-7A41C7C839FC}
		{36A1D23A-E51A-49B5-A9B8-E967A4E3ED0E} = {9A663622-1307-454F-B8E9-279C9AC2B22F}
	EndGlobalSection
	GlobalSection(ProjectConfigurationPlatforms) = postSolution
		{738C7CF4-384C-43C9-9B25-4068B40E2212}.Debug|Any CPU.ActiveCfg = Debug|Any CPU
		{738C7CF4-384C-43C9-9B25-4068B40E2212}.Debug|Any CPU.Build.0 = Debug|Any CPU
		{738C7CF4-384C-43C9-9B25-4068B40E2212}.Release|Any CPU.ActiveCfg = Release|Any CPU
		{738C7CF4-384C-43C9-9B25-4068B40E2212}.Release|Any CPU.Build.0 = Release|Any CPU
		{E8644224-A1C5-4391-8436-8B690326459D}.Debug|Any CPU.ActiveCfg = Debug|Any CPU
		{E8644224-A1C5-4391-8436-8B690326459D}.Debug|Any CPU.Build.0 = Debug|Any CPU
		{E8644224-A1C5-4391-8436-8B690326459D}.Release|Any CPU.ActiveCfg = Release|Any CPU
		{E8644224-A1C5-4391-8436-8B690326459D}.Release|Any CPU.Build.0 = Release|Any CPU
		{135CF685-F570-4216-9B80-9164BD70078E}.Debug|Any CPU.ActiveCfg = Debug|Any CPU
		{135CF685-F570-4216-9B80-9164BD70078E}.Debug|Any CPU.Build.0 = Debug|Any CPU
		{135CF685-F570-4216-9B80-9164BD70078E}.Release|Any CPU.ActiveCfg = Release|Any CPU
		{135CF685-F570-4216-9B80-9164BD70078E}.Release|Any CPU.Build.0 = Release|Any CPU
		{C870D0C2-25F8-47C7-9B43-8E6940D4ED2D}.Debug|Any CPU.ActiveCfg = Debug|Any CPU
		{C870D0C2-25F8-47C7-9B43-8E6940D4ED2D}.Debug|Any CPU.Build.0 = Debug|Any CPU
		{C870D0C2-25F8-47C7-9B43-8E6940D4ED2D}.Release|Any CPU.ActiveCfg = Release|Any CPU
		{C870D0C2-25F8-47C7-9B43-8E6940D4ED2D}.Release|Any CPU.Build.0 = Release|Any CPU
		{FB48C210-4046-49C8-BD84-2724EF7BC86A}.Debug|Any CPU.ActiveCfg = Debug|Any CPU
		{FB48C210-4046-49C8-BD84-2724EF7BC86A}.Debug|Any CPU.Build.0 = Debug|Any CPU
		{FB48C210-4046-49C8-BD84-2724EF7BC86A}.Release|Any CPU.ActiveCfg = Release|Any CPU
		{FB48C210-4046-49C8-BD84-2724EF7BC86A}.Release|Any CPU.Build.0 = Release|Any CPU
		{36A1D23A-E51A-49B5-A9B8-E967A4E3ED0E}.Debug|Any CPU.ActiveCfg = Debug|Any CPU
		{36A1D23A-E51A-49B5-A9B8-E967A4E3ED0E}.Debug|Any CPU.Build.0 = Debug|Any CPU
		{36A1D23A-E51A-49B5-A9B8-E967A4E3ED0E}.Release|Any CPU.ActiveCfg = Release|Any CPU
		{36A1D23A-E51A-49B5-A9B8-E967A4E3ED0E}.Release|Any CPU.Build.0 = Release|Any CPU
		{C1672FB7-1443-4DEE-9CEE-3819B6F6CB4B}.Debug|Any CPU.ActiveCfg = Debug|Any CPU
		{C1672FB7-1443-4DEE-9CEE-3819B6F6CB4B}.Debug|Any CPU.Build.0 = Debug|Any CPU
		{C1672FB7-1443-4DEE-9CEE-3819B6F6CB4B}.Release|Any CPU.ActiveCfg = Release|Any CPU
		{C1672FB7-1443-4DEE-9CEE-3819B6F6CB4B}.Release|Any CPU.Build.0 = Release|Any CPU
	EndGlobalSection
EndGlobal
